
Microsoft Visual Studio Solution File, Format Version 12.00
# Visual Studio 2013
VisualStudioVersion = 12.0.31101.0
MinimumVisualStudioVersion = 10.0.40219.1
Project("{888888A0-9F3D-457C-B088-3A5042F75D52}") = "TypoMagic", "TypoMagic\TypoMagic.pyproj", "{7571B889-BA5F-4D42-92CD-7176A84F0B5B}"
EndProject
Project("{888888A0-9F3D-457C-B088-3A5042F75D52}") = "typoclient", "typoclient\typoclient.pyproj", "{D32A756E-2185-40C0-AC53-A9C350AF957A}"
EndProject
Project("{888888A0-9F3D-457C-B088-3A5042F75D52}") = "howoldisdomain", "howoldisdomain\howoldisdomain.pyproj", "{AEB203B0-2F53-46BF-BDE1-AC1EE210F39B}"
EndProject
Global
	GlobalSection(SolutionConfigurationPlatforms) = preSolution
		Debug|Any CPU = Debug|Any CPU
		Release|Any CPU = Release|Any CPU
	EndGlobalSection
	GlobalSection(ProjectConfigurationPlatforms) = postSolution
		{7571B889-BA5F-4D42-92CD-7176A84F0B5B}.Debug|Any CPU.ActiveCfg = Debug|Any CPU
		{7571B889-BA5F-4D42-92CD-7176A84F0B5B}.Debug|Any CPU.Build.0 = Debug|Any CPU
		{7571B889-BA5F-4D42-92CD-7176A84F0B5B}.Release|Any CPU.ActiveCfg = Release|Any CPU
		{7571B889-BA5F-4D42-92CD-7176A84F0B5B}.Release|Any CPU.Build.0 = Release|Any CPU
		{D32A756E-2185-40C0-AC53-A9C350AF957A}.Debug|Any CPU.ActiveCfg = Debug|Any CPU
		{D32A756E-2185-40C0-AC53-A9C350AF957A}.Release|Any CPU.ActiveCfg = Release|Any CPU
		{AEB203B0-2F53-46BF-BDE1-AC1EE210F39B}.Debug|Any CPU.ActiveCfg = Debug|Any CPU
		{AEB203B0-2F53-46BF-BDE1-AC1EE210F39B}.Release|Any CPU.ActiveCfg = Release|Any CPU
	EndGlobalSection
	GlobalSection(SolutionProperties) = preSolution
		HideSolutionNode = FALSE
	EndGlobalSection
EndGlobal
